PODS:
  - AFNetworking (2.6.3):
    - AFNetworking/NSURLConnection (= 2.6.3)
    - AFNetworking/NSURLSession (= 2.6.3)
    - AFNetworking/Reachability (= 2.6.3)
    - AFNetworking/Security (= 2.6.3)
    - AFNetworking/Serialization (= 2.6.3)
    - AFNetworking/UIKit (= 2.6.3)
  - AFNetworking+AutoRetry (0.0.5):
    - AFNetworking (~> 2)
    - ObjcAssociatedObjectHelpers
  - AFNetworking/NSURLConnection (2.6.3):
    - AFNetworking/Reachability
    - AFNetworking/Security
    - AFNetworking/Serialization
  - AFNetworking/NSURLSession (2.6.3):
    - AFNetworking/Reachability
    - AFNetworking/Security
    - AFNetworking/Serialization
  - AFNetworking/Reachability (2.6.3)
  - AFNetworking/Security (2.6.3)
  - AFNetworking/Serialization (2.6.3)
  - AFNetworking/UIKit (2.6.3):
    - AFNetworking/NSURLConnection
    - AFNetworking/NSURLSession
  - JSONModel (1.2.0)
  - Masonry (0.6.4)
  - ObjcAssociatedObjectHelpers (2.0.1):
    - ObjcAssociatedObjectHelpers/Core (= 2.0.1)
    - ObjcAssociatedObjectHelpers/NSObject+Dictionary (= 2.0.1)
  - ObjcAssociatedObjectHelpers/Core (2.0.1)
  - ObjcAssociatedObjectHelpers/NSObject+Dictionary (2.0.1):
    - ObjcAssociatedObjectHelpers/Core
  - Toast (3.0)

DEPENDENCIES:
  - AFNetworking (~> 2.6)
  - AFNetworking+AutoRetry
  - JSONModel (~> 1.2.0)
  - Masonry (~> 0.6.4)
  - Toast

SPEC CHECKSUMS:
  AFNetworking: cb8d14a848e831097108418f5d49217339d4eb60
  AFNetworking+AutoRetry: 5987ec96155e58fe356f1a3e91e79e5f3be6296a
  JSONModel: 12523685c4b623553ccf844bbbf7007624317b2c
  Masonry: 281802d04d787ea2973179ee8bcb50500579ede2
  ObjcAssociatedObjectHelpers: 686c291f292c26a49b9b1fa7d58130a8d35d59d2
  Toast: 32c59229abfcf41850162b83bb9259dc84372473

COCOAPODS: 0.39.0
