// !$*UTF8*$!
{
	archiveVersion = 1;
	classes = {
	};
	objectVersion = 46;
	objects = {

/* Begin PBXBuildFile section */
		2E75024F278C382FBFC08E0C /* libPods-iOS-LearningRoad.a in Frameworks */ = {isa = PBXBuildFile; fileRef = 4D0B18A52BBA0152CB9069C2 /* libPods-iOS-LearningRoad.a */; };
		5E102D2F1C9FDBA2004E429F /* ViewController.m in Sources */ = {isa = PBXBuildFile; fileRef = 5E102D2D1C9FDBA2004E429F /* ViewController.m */; };
		5E102D301C9FDBA2004E429F /* ViewController.xib in Resources */ = {isa = PBXBuildFile; fileRef = 5E102D2E1C9FDBA2004E429F /* ViewController.xib */; };
		5E102D351C9FDBC7004E429F /* ABUtil.m in Sources */ = {isa = PBXBuildFile; fileRef = 5E102D321C9FDBC7004E429F /* ABUtil.m */; };
		5E102D361C9FDBC7004E429F /* AppConfig.m in Sources */ = {isa = PBXBuildFile; fileRef = 5E102D341C9FDBC7004E429F /* AppConfig.m */; };
		5E102D3C1C9FDBD2004E429F /* FDBaseModel.m in Sources */ = {isa = PBXBuildFile; fileRef = 5E102D391C9FDBD2004E429F /* FDBaseModel.m */; };
		5E102D3D1C9FDBD2004E429F /* FDBaseResult.m in Sources */ = {isa = PBXBuildFile; fileRef = 5E102D3B1C9FDBD2004E429F /* FDBaseResult.m */; };
		5E102D431C9FDBEF004E429F /* FDBaseManager.m in Sources */ = {isa = PBXBuildFile; fileRef = 5E102D401C9FDBEF004E429F /* FDBaseManager.m */; };
		5E102D441C9FDBEF004E429F /* FDHttpManager.m in Sources */ = {isa = PBXBuildFile; fileRef = 5E102D421C9FDBEF004E429F /* FDHttpManager.m */; };
		5E102D4B1C9FDBF9004E429F /* FDEndPoints.m in Sources */ = {isa = PBXBuildFile; fileRef = 5E102D481C9FDBF9004E429F /* FDEndPoints.m */; };
		5E28FAFA1F9849050042791B /* AppDelegate.m in Sources */ = {isa = PBXBuildFile; fileRef = 5E28FAF31F9849050042791B /* AppDelegate.m */; };
		5E28FAFB1F9849050042791B /* iOS_LearningRoad.xcdatamodeld in Sources */ = {isa = PBXBuildFile; fileRef = 5E28FAF51F9849050042791B /* iOS_LearningRoad.xcdatamodeld */; };
		5E28FAFC1F9849050042791B /* main.m in Sources */ = {isa = PBXBuildFile; fileRef = 5E28FAF71F9849050042791B /* main.m */; };
		5E28FAFD1F9849050042791B /* Assets.xcassets in Resources */ = {isa = PBXBuildFile; fileRef = 5E28FAF91F9849050042791B /* Assets.xcassets */; };
		5E28FB001F984D320042791B /* UIButton+ZZZExpandResponseArea.m in Sources */ = {isa = PBXBuildFile; fileRef = 5E28FAFF1F984D320042791B /* UIButton+ZZZExpandResponseArea.m */; };
		5E2ED9CA1C87127B001A4A3A /* iOS_LearningRoadTests.m in Sources */ = {isa = PBXBuildFile; fileRef = 5E2ED9C91C87127B001A4A3A /* iOS_LearningRoadTests.m */; };
		5E2ED9D51C87127C001A4A3A /* iOS_LearningRoadUITests.m in Sources */ = {isa = PBXBuildFile; fileRef = 5E2ED9D41C87127C001A4A3A /* iOS_LearningRoadUITests.m */; };
/* End PBXBuildFile section */

/* Begin PBXContainerItemProxy section */
		5E2ED9C61C87127B001A4A3A /* PBXContainerItemProxy */ = {
			isa = PBXContainerItemProxy;
			containerPortal = 5E2ED9A11C87127B001A4A3A /* Project object */;
			proxyType = 1;
			remoteGlobalIDString = 5E2ED9A81C87127B001A4A3A;
			remoteInfo = "iOS-LearningRoad";
		};
		5E2ED9D11C87127C001A4A3A /* PBXContainerItemProxy */ = {
			isa = PBXContainerItemProxy;
			containerPortal = 5E2ED9A11C87127B001A4A3A /* Project object */;
			proxyType = 1;
			remoteGlobalIDString = 5E2ED9A81C87127B001A4A3A;
			remoteInfo = "iOS-LearningRoad";
		};
/* End PBXContainerItemProxy section */

/* Begin PBXFileReference section */
		4D0B18A52BBA0152CB9069C2 /* libPods-iOS-LearningRoad.a */ = {isa = PBXFileReference; explicitFileType = archive.ar; includeInIndex = 0; path = "libPods-iOS-LearningRoad.a"; sourceTree = BUILT_PRODUCTS_DIR; };
		5E102D2C1C9FDBA2004E429F /* ViewController.h */ = {isa = PBXFileReference; fileEncoding = 4; lastKnownFileType = sourcecode.c.h; path = ViewController.h; sourceTree = "<group>"; };
		5E102D2D1C9FDBA2004E429F /* ViewController.m */ = {isa = PBXFileReference; fileEncoding = 4; lastKnownFileType = sourcecode.c.objc; path = ViewController.m; sourceTree = "<group>"; };
		5E102D2E1C9FDBA2004E429F /* ViewController.xib */ = {isa = PBXFileReference; fileEncoding = 4; lastKnownFileType = file.xib; path = ViewController.xib; sourceTree = "<group>"; };
		5E102D311C9FDBC7004E429F /* ABUtil.h */ = {isa = PBXFileReference; fileEncoding = 4; lastKnownFileType = sourcecode.c.h; path = ABUtil.h; sourceTree = "<group>"; };
		5E102D321C9FDBC7004E429F /* ABUtil.m */ = {isa = PBXFileReference; fileEncoding = 4; lastKnownFileType = sourcecode.c.objc; path = ABUtil.m; sourceTree = "<group>"; };
		5E102D331C9FDBC7004E429F /* AppConfig.h */ = {isa = PBXFileReference; fileEncoding = 4; lastKnownFileType = sourcecode.c.h; path = AppConfig.h; sourceTree = "<group>"; };
		5E102D341C9FDBC7004E429F /* AppConfig.m */ = {isa = PBXFileReference; fileEncoding = 4; lastKnownFileType = sourcecode.c.objc; path = AppConfig.m; sourceTree = "<group>"; };
		5E102D381C9FDBD2004E429F /* FDBaseModel.h */ = {isa = PBXFileReference; fileEncoding = 4; lastKnownFileType = sourcecode.c.h; path = FDBaseModel.h; sourceTree = "<group>"; };
		5E102D391C9FDBD2004E429F /* FDBaseModel.m */ = {isa = PBXFileReference; fileEncoding = 4; lastKnownFileType = sourcecode.c.objc; path = FDBaseModel.m; sourceTree = "<group>"; };
		5E102D3A1C9FDBD2004E429F /* FDBaseResult.h */ = {isa = PBXFileReference; fileEncoding = 4; lastKnownFileType = sourcecode.c.h; path = FDBaseResult.h; sourceTree = "<group>"; };
		5E102D3B1C9FDBD2004E429F /* FDBaseResult.m */ = {isa = PBXFileReference; fileEncoding = 4; lastKnownFileType = sourcecode.c.objc; path = FDBaseResult.m; sourceTree = "<group>"; };
		5E102D3F1C9FDBEF004E429F /* FDBaseManager.h */ = {isa = PBXFileReference; fileEncoding = 4; lastKnownFileType = sourcecode.c.h; path = FDBaseManager.h; sourceTree = "<group>"; };
		5E102D401C9FDBEF004E429F /* FDBaseManager.m */ = {isa = PBXFileReference; fileEncoding = 4; lastKnownFileType = sourcecode.c.objc; path = FDBaseManager.m; sourceTree = "<group>"; };
		5E102D411C9FDBEF004E429F /* FDHttpManager.h */ = {isa = PBXFileReference; fileEncoding = 4; lastKnownFileType = sourcecode.c.h; path = FDHttpManager.h; sourceTree = "<group>"; };
		5E102D421C9FDBEF004E429F /* FDHttpManager.m */ = {isa = PBXFileReference; fileEncoding = 4; lastKnownFileType = sourcecode.c.objc; path = FDHttpManager.m; sourceTree = "<group>"; };
		5E102D451C9FDBF9004E429F /* FDColors.h */ = {isa = PBXFileReference; fileEncoding = 4; lastKnownFileType = sourcecode.c.h; path = FDColors.h; sourceTree = "<group>"; };
		5E102D461C9FDBF9004E429F /* FDConstants.h */ = {isa = PBXFileReference; fileEncoding = 4; lastKnownFileType = sourcecode.c.h; path = FDConstants.h; sourceTree = "<group>"; };
		5E102D471C9FDBF9004E429F /* FDEndPoints.h */ = {isa = PBXFileReference; fileEncoding = 4; lastKnownFileType = sourcecode.c.h; path = FDEndPoints.h; sourceTree = "<group>"; };
		5E102D481C9FDBF9004E429F /* FDEndPoints.m */ = {isa = PBXFileReference; fileEncoding = 4; lastKnownFileType = sourcecode.c.objc; path = FDEndPoints.m; sourceTree = "<group>"; };
		5E102D491C9FDBF9004E429F /* FDEnums.h */ = {isa = PBXFileReference; fileEncoding = 4; lastKnownFileType = sourcecode.c.h; path = FDEnums.h; sourceTree = "<group>"; };
		5E102D4A1C9FDBF9004E429F /* FDFonts.h */ = {isa = PBXFileReference; fileEncoding = 4; lastKnownFileType = sourcecode.c.h; path = FDFonts.h; sourceTree = "<group>"; };
		5E28FAF21F9849050042791B /* AppDelegate.h */ = {isa = PBXFileReference; fileEncoding = 4; lastKnownFileType = sourcecode.c.h; path = AppDelegate.h; sourceTree = "<group>"; };
		5E28FAF31F9849050042791B /* AppDelegate.m */ = {isa = PBXFileReference; fileEncoding = 4; lastKnownFileType = sourcecode.c.objc; path = AppDelegate.m; sourceTree = "<group>"; };
		5E28FAF41F9849050042791B /* iOS-LearningRoad-Prefix.pch */ = {isa = PBXFileReference; fileEncoding = 4; lastKnownFileType = sourcecode.c.h; path = "iOS-LearningRoad-Prefix.pch"; sourceTree = "<group>"; };
		5E28FAF61F9849050042791B /* iOS_LearningRoad.xcdatamodel */ = {isa = PBXFileReference; lastKnownFileType = wrapper.xcdatamodel; path = iOS_LearningRoad.xcdatamodel; sourceTree = "<group>"; };
		5E28FAF71F9849050042791B /* main.m */ = {isa = PBXFileReference; fileEncoding = 4; lastKnownFileType = sourcecode.c.objc; path = main.m; sourceTree = "<group>"; };
		5E28FAF91F9849050042791B /* Assets.xcassets */ = {isa = PBXFileReference; lastKnownFileType = folder.assetcatalog; path = Assets.xcassets; sourceTree = "<group>"; };
		5E28FAFE1F984D320042791B /* UIButton+ZZZExpandResponseArea.h */ = {isa = PBXFileReference; lastKnownFileType = sourcecode.c.h; path = "UIButton+ZZZExpandResponseArea.h"; sourceTree = "<group>"; };
		5E28FAFF1F984D320042791B /* UIButton+ZZZExpandResponseArea.m */ = {isa = PBXFileReference; lastKnownFileType = sourcecode.c.objc; path = "UIButton+ZZZExpandResponseArea.m"; sourceTree = "<group>"; };
		5E2ED9A91C87127B001A4A3A /* iOS-LearningRoad.app */ = {isa = PBXFileReference; explicitFileType = wrapper.application; includeInIndex = 0; path = "iOS-LearningRoad.app"; sourceTree = BUILT_PRODUCTS_DIR; };
		5E2ED9C01C87127B001A4A3A /* Info.plist */ = {isa = PBXFileReference; lastKnownFileType = text.plist.xml; path = Info.plist; sourceTree = "<group>"; };
		5E2ED9C51C87127B001A4A3A /* iOS-LearningRoadTests.xctest */ = {isa = PBXFileReference; explicitFileType = wrapper.cfbundle; includeInIndex = 0; path = "iOS-LearningRoadTests.xctest"; sourceTree = BUILT_PRODUCTS_DIR; };
		5E2ED9C91C87127B001A4A3A /* iOS_LearningRoadTests.m */ = {isa = PBXFileReference; lastKnownFileType = sourcecode.c.objc; path = iOS_LearningRoadTests.m; sourceTree = "<group>"; };
		5E2ED9CB1C87127C001A4A3A /* Info.plist */ = {isa = PBXFileReference; lastKnownFileType = text.plist.xml; path = Info.plist; sourceTree = "<group>"; };
		5E2ED9D01C87127C001A4A3A /* iOS-LearningRoadUITests.xctest */ = {isa = PBXFileReference; explicitFileType = wrapper.cfbundle; includeInIndex = 0; path = "iOS-LearningRoadUITests.xctest"; sourceTree = BUILT_PRODUCTS_DIR; };
		5E2ED9D41C87127C001A4A3A /* iOS_LearningRoadUITests.m */ = {isa = PBXFileReference; lastKnownFileType = sourcecode.c.objc; path = iOS_LearningRoadUITests.m; sourceTree = "<group>"; };
		5E2ED9D61C87127C001A4A3A /* Info.plist */ = {isa = PBXFileReference; lastKnownFileType = text.plist.xml; path = Info.plist; sourceTree = "<group>"; };
		A6616E4AAD1D2CB531086604 /* Pods-iOS-LearningRoad.debug.xcconfig */ = {isa = PBXFileReference; includeInIndex = 1; lastKnownFileType = text.xcconfig; name = "Pods-iOS-LearningRoad.debug.xcconfig"; path = "Pods/Target Support Files/Pods-iOS-LearningRoad/Pods-iOS-LearningRoad.debug.xcconfig"; sourceTree = "<group>"; };
		FFD8A3293BF1D01D842D2D85 /* Pods-iOS-LearningRoad.release.xcconfig */ = {isa = PBXFileReference; includeInIndex = 1; lastKnownFileType = text.xcconfig; name = "Pods-iOS-LearningRoad.release.xcconfig"; path = "Pods/Target Support Files/Pods-iOS-LearningRoad/Pods-iOS-LearningRoad.release.xcconfig"; sourceTree = "<group>"; };
/* End PBXFileReference section */

/* Begin PBXFrameworksBuildPhase section */
		5E2ED9A61C87127B001A4A3A /* Frameworks */ = {
			isa = PBXFrameworksBuildPhase;
			buildActionMask = 2147483647;
			files = (
				2E75024F278C382FBFC08E0C /* libPods-iOS-LearningRoad.a in Frameworks */,
			);
			runOnlyForDeploymentPostprocessing = 0;
		};
		5E2ED9C21C87127B001A4A3A /* Frameworks */ = {
			isa = PBXFrameworksBuildPhase;
			buildActionMask = 2147483647;
			files = (
			);
			runOnlyForDeploymentPostprocessing = 0;
		};
		5E2ED9CD1C87127C001A4A3A /* Frameworks */ = {
			isa = PBXFrameworksBuildPhase;
			buildActionMask = 2147483647;
			files = (
			);
			runOnlyForDeploymentPostprocessing = 0;
		};
/* End PBXFrameworksBuildPhase section */

/* Begin PBXGroup section */
		5E102D261C9FDA46004E429F /* Controllers */ = {
			isa = PBXGroup;
			children = (
				5E102D2B1C9FDBA2004E429F /* Base */,
			);
			path = Controllers;
			sourceTree = "<group>";
		};
		5E102D271C9FDA46004E429F /* Defines */ = {
			isa = PBXGroup;
			children = (
				5E102D451C9FDBF9004E429F /* FDColors.h */,
				5E102D461C9FDBF9004E429F /* FDConstants.h */,
				5E102D471C9FDBF9004E429F /* FDEndPoints.h */,
				5E102D481C9FDBF9004E429F /* FDEndPoints.m */,
				5E102D491C9FDBF9004E429F /* FDEnums.h */,
				5E102D4A1C9FDBF9004E429F /* FDFonts.h */,
			);
			path = Defines;
			sourceTree = "<group>";
		};
		5E102D281C9FDA46004E429F /* HttpManagers */ = {
			isa = PBXGroup;
			children = (
				5E102D3E1C9FDBEF004E429F /* Base */,
			);
			path = HttpManagers;
			sourceTree = "<group>";
		};
		5E102D291C9FDA46004E429F /* Models */ = {
			isa = PBXGroup;
			children = (
				5E102D371C9FDBD2004E429F /* Base */,
			);
			path = Models;
			sourceTree = "<group>";
		};
		5E102D2A1C9FDA46004E429F /* Utils */ = {
			isa = PBXGroup;
			children = (
				5E102D311C9FDBC7004E429F /* ABUtil.h */,
				5E102D321C9FDBC7004E429F /* ABUtil.m */,
				5E102D331C9FDBC7004E429F /* AppConfig.h */,
				5E102D341C9FDBC7004E429F /* AppConfig.m */,
			);
			path = Utils;
			sourceTree = "<group>";
		};
		5E102D2B1C9FDBA2004E429F /* Base */ = {
			isa = PBXGroup;
			children = (
				5E102D2C1C9FDBA2004E429F /* ViewController.h */,
				5E102D2D1C9FDBA2004E429F /* ViewController.m */,
				5E102D2E1C9FDBA2004E429F /* ViewController.xib */,
			);
			path = Base;
			sourceTree = "<group>";
		};
		5E102D371C9FDBD2004E429F /* Base */ = {
			isa = PBXGroup;
			children = (
				5E102D381C9FDBD2004E429F /* FDBaseModel.h */,
				5E102D391C9FDBD2004E429F /* FDBaseModel.m */,
				5E102D3A1C9FDBD2004E429F /* FDBaseResult.h */,
				5E102D3B1C9FDBD2004E429F /* FDBaseResult.m */,
			);
			path = Base;
			sourceTree = "<group>";
		};
		5E102D3E1C9FDBEF004E429F /* Base */ = {
			isa = PBXGroup;
			children = (
				5E102D3F1C9FDBEF004E429F /* FDBaseManager.h */,
				5E102D401C9FDBEF004E429F /* FDBaseManager.m */,
				5E102D411C9FDBEF004E429F /* FDHttpManager.h */,
				5E102D421C9FDBEF004E429F /* FDHttpManager.m */,
			);
			path = Base;
			sourceTree = "<group>";
		};
		5E28FAF11F9849050042791B /* AppDelegate */ = {
			isa = PBXGroup;
			children = (
				5E28FAF21F9849050042791B /* AppDelegate.h */,
				5E28FAF31F9849050042791B /* AppDelegate.m */,
				5E28FAF41F9849050042791B /* iOS-LearningRoad-Prefix.pch */,
				5E28FAF51F9849050042791B /* iOS_LearningRoad.xcdatamodeld */,
				5E28FAF71F9849050042791B /* main.m */,
			);
			path = AppDelegate;
			sourceTree = "<group>";
		};
		5E28FAF81F9849050042791B /* Resource */ = {
			isa = PBXGroup;
			children = (
				5E28FAF91F9849050042791B /* Assets.xcassets */,
			);
			path = Resource;
			sourceTree = "<group>";
		};
		5E2ED9A01C87127B001A4A3A = {
			isa = PBXGroup;
			children = (
				5E2ED9AB1C87127B001A4A3A /* iOS-LearningRoad */,
				5E2ED9C81C87127B001A4A3A /* iOS-LearningRoadTests */,
				5E2ED9D31C87127C001A4A3A /* iOS-LearningRoadUITests */,
				5E2ED9AA1C87127B001A4A3A /* Products */,
				F193EC8C71073FDA061A30C8 /* Pods */,
				7085CB5942D833F93E087A8F /* Frameworks */,
			);
			sourceTree = "<group>";
		};
		5E2ED9AA1C87127B001A4A3A /* Products */ = {
			isa = PBXGroup;
			children = (
				5E2ED9A91C87127B001A4A3A /* iOS-LearningRoad.app */,
				5E2ED9C51C87127B001A4A3A /* iOS-LearningRoadTests.xctest */,
				5E2ED9D01C87127C001A4A3A /* iOS-LearningRoadUITests.xctest */,
			);
			name = Products;
			sourceTree = "<group>";
		};
		5E2ED9AB1C87127B001A4A3A /* iOS-LearningRoad */ = {
			isa = PBXGroup;
			children = (
				5E28FAF11F9849050042791B /* AppDelegate */,
				5E28FAF81F9849050042791B /* Resource */,
				5E102D271C9FDA46004E429F /* Defines */,
				5E102D281C9FDA46004E429F /* HttpManagers */,
				5E102D291C9FDA46004E429F /* Models */,
				5E102D2A1C9FDA46004E429F /* Utils */,
				5E102D261C9FDA46004E429F /* Controllers */,
				5E2ED9C01C87127B001A4A3A /* Info.plist */,
				5E28FAFE1F984D320042791B /* UIButton+ZZZExpandResponseArea.h */,
				5E28FAFF1F984D320042791B /* UIButton+ZZZExpandResponseArea.m */,
			);
			path = "iOS-LearningRoad";
			sourceTree = "<group>";
		};
		5E2ED9C81C87127B001A4A3A /* iOS-LearningRoadTests */ = {
			isa = PBXGroup;
			children = (
				5E2ED9C91C87127B001A4A3A /* iOS_LearningRoadTests.m */,
				5E2ED9CB1C87127C001A4A3A /* Info.plist */,
			);
			path = "iOS-LearningRoadTests";
			sourceTree = "<group>";
		};
		5E2ED9D31C87127C001A4A3A /* iOS-LearningRoadUITests */ = {
			isa = PBXGroup;
			children = (
				5E2ED9D41C87127C001A4A3A /* iOS_LearningRoadUITests.m */,
				5E2ED9D61C87127C001A4A3A /* Info.plist */,
			);
			path = "iOS-LearningRoadUITests";
			sourceTree = "<group>";
		};
		7085CB5942D833F93E087A8F /* Frameworks */ = {
			isa = PBXGroup;
			children = (
				4D0B18A52BBA0152CB9069C2 /* libPods-iOS-LearningRoad.a */,
			);
			name = Frameworks;
			sourceTree = "<group>";
		};
		F193EC8C71073FDA061A30C8 /* Pods */ = {
			isa = PBXGroup;
			children = (
				A6616E4AAD1D2CB531086604 /* Pods-iOS-LearningRoad.debug.xcconfig */,
				FFD8A3293BF1D01D842D2D85 /* Pods-iOS-LearningRoad.release.xcconfig */,
			);
			name = Pods;
			sourceTree = "<group>";
		};
/* End PBXGroup section */

/* Begin PBXNativeTarget section */
		5E2ED9A81C87127B001A4A3A /* iOS-LearningRoad */ = {
			isa = PBXNativeTarget;
			buildConfigurationList = 5E2ED9D91C87127C001A4A3A /* Build configuration list for PBXNativeTarget "iOS-LearningRoad" */;
			buildPhases = (
				6C6D6AAA84D47DCCE040C69A /* Check Pods Manifest.lock */,
				5E2ED9A51C87127B001A4A3A /* Sources */,
				5E2ED9A61C87127B001A4A3A /* Frameworks */,
				5E2ED9A71C87127B001A4A3A /* Resources */,
				110914989CB5DE24CD14D0E6 /* Embed Pods Frameworks */,
				A2DC6B16153FD4ADF526A7BD /* Copy Pods Resources */,
			);
			buildRules = (
			);
			dependencies = (
			);
			name = "iOS-LearningRoad";
			productName = "iOS-LearningRoad";
			productReference = 5E2ED9A91C87127B001A4A3A /* iOS-LearningRoad.app */;
			productType = "com.apple.product-type.application";
		};
		5E2ED9C41C87127B001A4A3A /* iOS-LearningRoadTests */ = {
			isa = PBXNativeTarget;
			buildConfigurationList = 5E2ED9DC1C87127C001A4A3A /* Build configuration list for PBXNativeTarget "iOS-LearningRoadTests" */;
			buildPhases = (
				5E2ED9C11C87127B001A4A3A /* Sources */,
				5E2ED9C21C87127B001A4A3A /* Frameworks */,
				5E2ED9C31C87127B001A4A3A /* Resources */,
			);
			buildRules = (
			);
			dependencies = (
				5E2ED9C71C87127B001A4A3A /* PBXTargetDependency */,
			);
			name = "iOS-LearningRoadTests";
			productName = "iOS-LearningRoadTests";
			productReference = 5E2ED9C51C87127B001A4A3A /* iOS-LearningRoadTests.xctest */;
			productType = "com.apple.product-type.bundle.unit-test";
		};
		5E2ED9CF1C87127C001A4A3A /* iOS-LearningRoadUITests */ = {
			isa = PBXNativeTarget;
			buildConfigurationList = 5E2ED9DF1C87127C001A4A3A /* Build configuration list for PBXNativeTarget "iOS-LearningRoadUITests" */;
			buildPhases = (
				5E2ED9CC1C87127C001A4A3A /* Sources */,
				5E2ED9CD1C87127C001A4A3A /* Frameworks */,
				5E2ED9CE1C87127C001A4A3A /* Resources */,
			);
			buildRules = (
			);
			dependencies = (
				5E2ED9D21C87127C001A4A3A /* PBXTargetDependency */,
			);
			name = "iOS-LearningRoadUITests";
			productName = "iOS-LearningRoadUITests";
			productReference = 5E2ED9D01C87127C001A4A3A /* iOS-LearningRoadUITests.xctest */;
			productType = "com.apple.product-type.bundle.ui-testing";
		};
/* End PBXNativeTarget section */

/* Begin PBXProject section */
		5E2ED9A11C87127B001A4A3A /* Project object */ = {
			isa = PBXProject;
			attributes = {
				LastUpgradeCheck = 0720;
				ORGANIZATIONNAME = George;
				TargetAttributes = {
					5E2ED9A81C87127B001A4A3A = {
						CreatedOnToolsVersion = 7.2;
					};
					5E2ED9C41C87127B001A4A3A = {
						CreatedOnToolsVersion = 7.2;
						TestTargetID = 5E2ED9A81C87127B001A4A3A;
					};
					5E2ED9CF1C87127C001A4A3A = {
						CreatedOnToolsVersion = 7.2;
						TestTargetID = 5E2ED9A81C87127B001A4A3A;
					};
				};
			};
			buildConfigurationList = 5E2ED9A41C87127B001A4A3A /* Build configuration list for PBXProject "iOS-LearningRoad" */;
			compatibilityVersion = "Xcode 3.2";
			developmentRegion = English;
			hasScannedForEncodings = 0;
			knownRegions = (
				en,
				Base,
			);
			mainGroup = 5E2ED9A01C87127B001A4A3A;
			productRefGroup = 5E2ED9AA1C87127B001A4A3A /* Products */;
			projectDirPath = "";
			projectRoot = "";
			targets = (
				5E2ED9A81C87127B001A4A3A /* iOS-LearningRoad */,
				5E2ED9C41C87127B001A4A3A /* iOS-LearningRoadTests */,
				5E2ED9CF1C87127C001A4A3A /* iOS-LearningRoadUITests */,
			);
		};
/* End PBXProject section */

/* Begin PBXResourcesBuildPhase section */
		5E2ED9A71C87127B001A4A3A /* Resources */ = {
			isa = PBXResourcesBuildPhase;
			buildActionMask = 2147483647;
			files = (
				5E28FAFD1F9849050042791B /* Assets.xcassets in Resources */,
				5E102D301C9FDBA2004E429F /* ViewController.xib in Resources */,
			);
			runOnlyForDeploymentPostprocessing = 0;
		};
		5E2ED9C31C87127B001A4A3A /* Resources */ = {
			isa = PBXResourcesBuildPhase;
			buildActionMask = 2147483647;
			files = (
			);
			runOnlyForDeploymentPostprocessing = 0;
		};
		5E2ED9CE1C87127C001A4A3A /* Resources */ = {
			isa = PBXResourcesBuildPhase;
			buildActionMask = 2147483647;
			files = (
			);
			runOnlyForDeploymentPostprocessing = 0;
		};
/* End PBXResourcesBuildPhase section */

/* Begin PBXShellScriptBuildPhase section */
		110914989CB5DE24CD14D0E6 /* Embed Pods Frameworks */ = {
			isa = PBXShellScriptBuildPhase;
			buildActionMask = 2147483647;
			files = (
			);
			inputPaths = (
			);
			name = "Embed Pods Frameworks";
			outputPaths = (
			);
			runOnlyForDeploymentPostprocessing = 0;
			shellPath = /bin/sh;
			shellScript = "\"${SRCROOT}/Pods/Target Support Files/Pods-iOS-LearningRoad/Pods-iOS-LearningRoad-frameworks.sh\"\n";
			showEnvVarsInLog = 0;
		};
		6C6D6AAA84D47DCCE040C69A /* Check Pods Manifest.lock */ = {
			isa = PBXShellScriptBuildPhase;
			buildActionMask = 2147483647;
			files = (
			);
			inputPaths = (
			);
			name = "Check Pods Manifest.lock";
			outputPaths = (
			);
			runOnlyForDeploymentPostprocessing = 0;
			shellPath = /bin/sh;
			shellScript = "diff \"${PODS_ROOT}/../Podfile.lock\" \"${PODS_ROOT}/Manifest.lock\" > /dev/null\nif [[ $? != 0 ]] ; then\n    cat << EOM\nerror: The sandbox is not in sync with the Podfile.lock. Run 'pod install' or update your CocoaPods installation.\nEOM\n    exit 1\nfi\n";
			showEnvVarsInLog = 0;
		};
		A2DC6B16153FD4ADF526A7BD /* Copy Pods Resources */ = {
			isa = PBXShellScriptBuildPhase;
			buildActionMask = 2147483647;
			files = (
			);
			inputPaths = (
			);
			name = "Copy Pods Resources";
			outputPaths = (
			);
			runOnlyForDeploymentPostprocessing = 0;
			shellPath = /bin/sh;
			shellScript = "\"${SRCROOT}/Pods/Target Support Files/Pods-iOS-LearningRoad/Pods-iOS-LearningRoad-resources.sh\"\n";
			showEnvVarsInLog = 0;
		};
/* End PBXShellScriptBuildPhase section */

/* Begin PBXSourcesBuildPhase section */
		5E2ED9A51C87127B001A4A3A /* Sources */ = {
			isa = PBXSourcesBuildPhase;
			buildActionMask = 2147483647;
			files = (
				5E102D431C9FDBEF004E429F /* FDBaseManager.m in Sources */,
				5E102D4B1C9FDBF9004E429F /* FDEndPoints.m in Sources */,
				5E102D361C9FDBC7004E429F /* AppConfig.m in Sources */,
				5E102D351C9FDBC7004E429F /* ABUtil.m in Sources */,
				5E28FB001F984D320042791B /* UIButton+ZZZExpandResponseArea.m in Sources */,
				5E28FAFA1F9849050042791B /* AppDelegate.m in Sources */,
				5E28FAFB1F9849050042791B /* iOS_LearningRoad.xcdatamodeld in Sources */,
				5E102D3D1C9FDBD2004E429F /* FDBaseResult.m in Sources */,
				5E102D441C9FDBEF004E429F /* FDHttpManager.m in Sources */,
				5E102D3C1C9FDBD2004E429F /* FDBaseModel.m in Sources */,
				5E28FAFC1F9849050042791B /* main.m in Sources */,
				5E102D2F1C9FDBA2004E429F /* ViewController.m in Sources */,
			);
			runOnlyForDeploymentPostprocessing = 0;
		};
		5E2ED9C11C87127B001A4A3A /* Sources */ = {
			isa = PBXSourcesBuildPhase;
			buildActionMask = 2147483647;
			files = (
				5E2ED9CA1C87127B001A4A3A /* iOS_LearningRoadTests.m in Sources */,
			);
			runOnlyForDeploymentPostprocessing = 0;
		};
		5E2ED9CC1C87127C001A4A3A /* Sources */ = {
			isa = PBXSourcesBuildPhase;
			buildActionMask = 2147483647;
			files = (
				5E2ED9D51C87127C001A4A3A /* iOS_LearningRoadUITests.m in Sources */,
			);
			runOnlyForDeploymentPostprocessing = 0;
		};
/* End PBXSourcesBuildPhase section */

/* Begin PBXTargetDependency section */
		5E2ED9C71C87127B001A4A3A /* PBXTargetDependency */ = {
			isa = PBXTargetDependency;
			target = 5E2ED9A81C87127B001A4A3A /* iOS-LearningRoad */;
			targetProxy = 5E2ED9C61C87127B001A4A3A /* PBXContainerItemProxy */;
		};
		5E2ED9D21C87127C001A4A3A /* PBXTargetDependency */ = {
			isa = PBXTargetDependency;
			target = 5E2ED9A81C87127B001A4A3A /* iOS-LearningRoad */;
			targetProxy = 5E2ED9D11C87127C001A4A3A /* PBXContainerItemProxy */;
		};
/* End PBXTargetDependency section */

/* Begin XCBuildConfiguration section */
		5E2ED9D71C87127C001A4A3A /* Debug */ = {
			isa = XCBuildConfiguration;
			buildSettings = {
				ALWAYS_SEARCH_USER_PATHS = NO;
				CLANG_CXX_LANGUAGE_STANDARD = "gnu++0x";
				CLANG_CXX_LIBRARY = "libc++";
				CLANG_ENABLE_MODULES = YES;
				CLANG_ENABLE_OBJC_ARC = YES;
				CLANG_WARN_BOOL_CONVERSION = YES;
				CLANG_WARN_CONSTANT_CONVERSION = YES;
				CLANG_WARN_DIRECT_OBJC_ISA_USAGE = YES_ERROR;
				CLANG_WARN_EMPTY_BODY = YES;
				CLANG_WARN_ENUM_CONVERSION = YES;
				CLANG_WARN_INT_CONVERSION = YES;
				CLANG_WARN_OBJC_ROOT_CLASS = YES_ERROR;
				CLANG_WARN_UNREACHABLE_CODE = YES;
				CLANG_WARN__DUPLICATE_METHOD_MATCH = YES;
				"CODE_SIGN_IDENTITY[sdk=iphoneos*]" = "iPhone Developer";
				COPY_PHASE_STRIP = NO;
				DEBUG_INFORMATION_FORMAT = dwarf;
				ENABLE_STRICT_OBJC_MSGSEND = YES;
				ENABLE_TESTABILITY = YES;
				GCC_C_LANGUAGE_STANDARD = gnu99;
				GCC_DYNAMIC_NO_PIC = NO;
				GCC_NO_COMMON_BLOCKS = YES;
				GCC_OPTIMIZATION_LEVEL = 0;
				GCC_PREPROCESSOR_DEFINITIONS = (
					"DEBUG=1",
					"$(inherited)",
				);
				GCC_WARN_64_TO_32_BIT_CONVERSION = YES;
				GCC_WARN_ABOUT_RETURN_TYPE = YES_ERROR;
				GCC_WARN_UNDECLARED_SELECTOR = YES;
				GCC_WARN_UNINITIALIZED_AUTOS = YES_AGGRESSIVE;
				GCC_WARN_UNUSED_FUNCTION = YES;
				GCC_WARN_UNUSED_VARIABLE = YES;
				IPHONEOS_DEPLOYMENT_TARGET = 9.2;
				MTL_ENABLE_DEBUG_INFO = YES;
				ONLY_ACTIVE_ARCH = YES;
				SDKROOT = iphoneos;
			};
			name = Debug;
		};
		5E2ED9D81C87127C001A4A3A /* Release */ = {
			isa = XCBuildConfiguration;
			buildSettings = {
				ALWAYS_SEARCH_USER_PATHS = NO;
				CLANG_CXX_LANGUAGE_STANDARD = "gnu++0x";
				CLANG_CXX_LIBRARY = "libc++";
				CLANG_ENABLE_MODULES = YES;
				CLANG_ENABLE_OBJC_ARC = YES;
				CLANG_WARN_BOOL_CONVERSION = YES;
				CLANG_WARN_CONSTANT_CONVERSION = YES;
				CLANG_WARN_DIRECT_OBJC_ISA_USAGE = YES_ERROR;
				CLANG_WARN_EMPTY_BODY = YES;
				CLANG_WARN_ENUM_CONVERSION = YES;
				CLANG_WARN_INT_CONVERSION = YES;
				CLANG_WARN_OBJC_ROOT_CLASS = YES_ERROR;
				CLANG_WARN_UNREACHABLE_CODE = YES;
				CLANG_WARN__DUPLICATE_METHOD_MATCH = YES;
				"CODE_SIGN_IDENTITY[sdk=iphoneos*]" = "iPhone Developer";
				COPY_PHASE_STRIP = NO;
				DEBUG_INFORMATION_FORMAT = "dwarf-with-dsym";
				ENABLE_NS_ASSERTIONS = NO;
				ENABLE_STRICT_OBJC_MSGSEND = YES;
				GCC_C_LANGUAGE_STANDARD = gnu99;
				GCC_NO_COMMON_BLOCKS = YES;
				GCC_WARN_64_TO_32_BIT_CONVERSION = YES;
				GCC_WARN_ABOUT_RETURN_TYPE = YES_ERROR;
				GCC_WARN_UNDECLARED_SELECTOR = YES;
				GCC_WARN_UNINITIALIZED_AUTOS = YES_AGGRESSIVE;
				GCC_WARN_UNUSED_FUNCTION = YES;
				GCC_WARN_UNUSED_VARIABLE = YES;
				IPHONEOS_DEPLOYMENT_TARGET = 9.2;
				MTL_ENABLE_DEBUG_INFO = NO;
				SDKROOT = iphoneos;
				VALIDATE_PRODUCT = YES;
			};
			name = Release;
		};
		5E2ED9DA1C87127C001A4A3A /* Debug */ = {
			isa = XCBuildConfiguration;
			baseConfigurationReference = A6616E4AAD1D2CB531086604 /* Pods-iOS-LearningRoad.debug.xcconfig */;
			buildSettings = {
				ASSETCATALOG_COMPILER_APPICON_NAME = AppIcon;
				ASSETCATALOG_COMPILER_LAUNCHIMAGE_NAME = LaunchImage;
				GCC_PREFIX_HEADER = "$(SRCROOT)/iOS-LearningRoad/AppDelegate/iOS-LearningRoad-Prefix.pch";
				INFOPLIST_FILE = "iOS-LearningRoad/Info.plist";
				LD_RUNPATH_SEARCH_PATHS = "$(inherited) @executable_path/Frameworks";
				PRODUCT_BUNDLE_IDENTIFIER = "com.freedom.iOS-LearningRoad";
				PRODUCT_NAME = "$(TARGET_NAME)";
				USER_HEADER_SEARCH_PATHS = "$(SRCROOT)/**";
			};
			name = Debug;
		};
		5E2ED9DB1C87127C001A4A3A /* Release */ = {
			isa = XCBuildConfiguration;
			baseConfigurationReference = FFD8A3293BF1D01D842D2D85 /* Pods-iOS-LearningRoad.release.xcconfig */;
			buildSettings = {
				ASSETCATALOG_COMPILER_APPICON_NAME = AppIcon;
				ASSETCATALOG_COMPILER_LAUNCHIMAGE_NAME = LaunchImage;
				GCC_PREFIX_HEADER = "$(SRCROOT)/iOS-LearningRoad/AppDelegate/iOS-LearningRoad-Prefix.pch";
				INFOPLIST_FILE = "iOS-LearningRoad/Info.plist";
				LD_RUNPATH_SEARCH_PATHS = "$(inherited) @executable_path/Frameworks";
				PRODUCT_BUNDLE_IDENTIFIER = "com.freedom.iOS-LearningRoad";
				PRODUCT_NAME = "$(TARGET_NAME)";
				USER_HEADER_SEARCH_PATHS = "$(SRCROOT)/**";
			};
			name = Release;
		};
		5E2ED9DD1C87127C001A4A3A /* Debug */ = {
			isa = XCBuildConfiguration;
			buildSettings = {
				BUNDLE_LOADER = "$(TEST_HOST)";
				INFOPLIST_FILE = "iOS-LearningRoadTests/Info.plist";
				LD_RUNPATH_SEARCH_PATHS = "$(inherited) @executable_path/Frameworks @loader_path/Frameworks";
				PRODUCT_BUNDLE_IDENTIFIER = "com.freedom.iOS-LearningRoadTests";
				PRODUCT_NAME = "$(TARGET_NAME)";
				TEST_HOST = "$(BUILT_PRODUCTS_DIR)/iOS-LearningRoad.app/iOS-LearningRoad";
			};
			name = Debug;
		};
		5E2ED9DE1C87127C001A4A3A /* Release */ = {
			isa = XCBuildConfiguration;
			buildSettings = {
				BUNDLE_LOADER = "$(TEST_HOST)";
				INFOPLIST_FILE = "iOS-LearningRoadTests/Info.plist";
				LD_RUNPATH_SEARCH_PATHS = "$(inherited) @executable_path/Frameworks @loader_path/Frameworks";
				PRODUCT_BUNDLE_IDENTIFIER = "com.freedom.iOS-LearningRoadTests";
				PRODUCT_NAME = "$(TARGET_NAME)";
				TEST_HOST = "$(BUILT_PRODUCTS_DIR)/iOS-LearningRoad.app/iOS-LearningRoad";
			};
			name = Release;
		};
		5E2ED9E01C87127C001A4A3A /* Debug */ = {
			isa = XCBuildConfiguration;
			buildSettings = {
				INFOPLIST_FILE = "iOS-LearningRoadUITests/Info.plist";
				LD_RUNPATH_SEARCH_PATHS = "$(inherited) @executable_path/Frameworks @loader_path/Frameworks";
				PRODUCT_BUNDLE_IDENTIFIER = "com.freedom.iOS-LearningRoadUITests";
				PRODUCT_NAME = "$(TARGET_NAME)";
				TEST_TARGET_NAME = "iOS-LearningRoad";
				USES_XCTRUNNER = YES;
			};
			name = Debug;
		};
		5E2ED9E11C87127C001A4A3A /* Release */ = {
			isa = XCBuildConfiguration;
			buildSettings = {
				INFOPLIST_FILE = "iOS-LearningRoadUITests/Info.plist";
				LD_RUNPATH_SEARCH_PATHS = "$(inherited) @executable_path/Frameworks @loader_path/Frameworks";
				PRODUCT_BUNDLE_IDENTIFIER = "com.freedom.iOS-LearningRoadUITests";
				PRODUCT_NAME = "$(TARGET_NAME)";
				TEST_TARGET_NAME = "iOS-LearningRoad";
				USES_XCTRUNNER = YES;
			};
			name = Release;
		};
/* End XCBuildConfiguration section */

/* Begin XCConfigurationList section */
		5E2ED9A41C87127B001A4A3A /* Build configuration list for PBXProject "iOS-LearningRoad" */ = {
			isa = XCConfigurationList;
			buildConfigurations = (
				5E2ED9D71C87127C001A4A3A /* Debug */,
				5E2ED9D81C87127C001A4A3A /* Release */,
			);
			defaultConfigurationIsVisible = 0;
			defaultConfigurationName = Release;
		};
		5E2ED9D91C87127C001A4A3A /* Build configuration list for PBXNativeTarget "iOS-LearningRoad" */ = {
			isa = XCConfigurationList;
			buildConfigurations = (
				5E2ED9DA1C87127C001A4A3A /* Debug */,
				5E2ED9DB1C87127C001A4A3A /* Release */,
			);
			defaultConfigurationIsVisible = 0;
			defaultConfigurationName = Release;
		};
		5E2ED9DC1C87127C001A4A3A /* Build configuration list for PBXNativeTarget "iOS-LearningRoadTests" */ = {
			isa = XCConfigurationList;
			buildConfigurations = (
				5E2ED9DD1C87127C001A4A3A /* Debug */,
				5E2ED9DE1C87127C001A4A3A /* Release */,
			);
			defaultConfigurationIsVisible = 0;
			defaultConfigurationName = Release;
		};
		5E2ED9DF1C87127C001A4A3A /* Build configuration list for PBXNativeTarget "iOS-LearningRoadUITests" */ = {
			isa = XCConfigurationList;
			buildConfigurations = (
				5E2ED9E01C87127C001A4A3A /* Debug */,
				5E2ED9E11C87127C001A4A3A /* Release */,
			);
			defaultConfigurationIsVisible = 0;
			defaultConfigurationName = Release;
		};
/* End XCConfigurationList section */

/* Begin XCVersionGroup section */
		5E28FAF51F9849050042791B /* iOS_LearningRoad.xcdatamodeld */ = {
			isa = XCVersionGroup;
			children = (
				5E28FAF61F9849050042791B /* iOS_LearningRoad.xcdatamodel */,
			);
			currentVersion = 5E28FAF61F9849050042791B /* iOS_LearningRoad.xcdatamodel */;
			path = iOS_LearningRoad.xcdatamodeld;
			sourceTree = "<group>";
			versionGroupType = wrapper.xcdatamodel;
		};
/* End XCVersionGroup section */
	};
	rootObject = 5E2ED9A11C87127B001A4A3A /* Project object */;
}
