// !$*UTF8*$!
{
	archiveVersion = 1;
	classes = {
	};
	objectVersion = 46;
	objects = {

/* Begin PBXBuildFile section */
		2E75024F278C382FBFC08E0C /* libPods-iOS-LearningRoad.a in Frameworks */ = {isa = PBXBuildFile; fileRef = 4D0B18A52BBA0152CB9069C2 /* libPods-iOS-LearningRoad.a */; };
		5E2ED9AE1C87127B001A4A3A /* main.m in Sources */ = {isa = PBXBuildFile; fileRef = 5E2ED9AD1C87127B001A4A3A /* main.m */; };
		5E2ED9B11C87127B001A4A3A /* AppDelegate.m in Sources */ = {isa = PBXBuildFile; fileRef = 5E2ED9B01C87127B001A4A3A /* AppDelegate.m */; };
		5E2ED9BA1C87127B001A4A3A /* iOS_LearningRoad.xcdatamodeld in Sources */ = {isa = PBXBuildFile; fileRef = 5E2ED9B81C87127B001A4A3A /* iOS_LearningRoad.xcdatamodeld */; };
		5E2ED9BC1C87127B001A4A3A /* Assets.xcassets in Resources */ = {isa = PBXBuildFile; fileRef = 5E2ED9BB1C87127B001A4A3A /* Assets.xcassets */; };
		5E2ED9CA1C87127B001A4A3A /* iOS_LearningRoadTests.m in Sources */ = {isa = PBXBuildFile; fileRef = 5E2ED9C91C87127B001A4A3A /* iOS_LearningRoadTests.m */; };
		5E2ED9D51C87127C001A4A3A /* iOS_LearningRoadUITests.m in Sources */ = {isa = PBXBuildFile; fileRef = 5E2ED9D41C87127C001A4A3A /* iOS_LearningRoadUITests.m */; };
		5E693DA51C901DDC007DC6E0 /* UsageOfKVC.m in Sources */ = {isa = PBXBuildFile; fileRef = 5E693DA41C901DDC007DC6E0 /* UsageOfKVC.m */; };
		5E693DA91C9022E2007DC6E0 /* KVOUsage.m in Sources */ = {isa = PBXBuildFile; fileRef = 5E693DA81C9022E2007DC6E0 /* KVOUsage.m */; };
		5E693DAD1C902C7C007DC6E0 /* Movie.m in Sources */ = {isa = PBXBuildFile; fileRef = 5E693DAC1C902C7C007DC6E0 /* Movie.m */; };
		5E693DAF1C902E61007DC6E0 /* KVOUsage.xib in Resources */ = {isa = PBXBuildFile; fileRef = 5E693DAE1C902E61007DC6E0 /* KVOUsage.xib */; };
		5E693DB41C903416007DC6E0 /* NotificationUsage.m in Sources */ = {isa = PBXBuildFile; fileRef = 5E693DB21C903416007DC6E0 /* NotificationUsage.m */; };
		5E693DB51C903416007DC6E0 /* NotificationUsage.xib in Resources */ = {isa = PBXBuildFile; fileRef = 5E693DB31C903416007DC6E0 /* NotificationUsage.xib */; };
		5ED52B451C87192800F012C7 /* README.md in Sources */ = {isa = PBXBuildFile; fileRef = 5ED52B431C87192800F012C7 /* README.md */; };
		5ED52B461C87192800F012C7 /* Xcode将项目放到GitHub上.pages in Resources */ = {isa = PBXBuildFile; fileRef = 5ED52B441C87192800F012C7 /* Xcode将项目放到GitHub上.pages */; };
		5ED52B4C1C87CC1C00F012C7 /* ViewController.m in Sources */ = {isa = PBXBuildFile; fileRef = 5ED52B4A1C87CC1C00F012C7 /* ViewController.m */; };
		5ED52B4D1C87CC1C00F012C7 /* ViewController.xib in Resources */ = {isa = PBXBuildFile; fileRef = 5ED52B4B1C87CC1C00F012C7 /* ViewController.xib */; };
/* End PBXBuildFile section */

/* Begin PBXContainerItemProxy section */
		5E2ED9C61C87127B001A4A3A /* PBXContainerItemProxy */ = {
			isa = PBXContainerItemProxy;
			containerPortal = 5E2ED9A11C87127B001A4A3A /* Project object */;
			proxyType = 1;
			remoteGlobalIDString = 5E2ED9A81C87127B001A4A3A;
			remoteInfo = "iOS-LearningRoad";
		};
		5E2ED9D11C87127C001A4A3A /* PBXContainerItemProxy */ = {
			isa = PBXContainerItemProxy;
			containerPortal = 5E2ED9A11C87127B001A4A3A /* Project object */;
			proxyType = 1;
			remoteGlobalIDString = 5E2ED9A81C87127B001A4A3A;
			remoteInfo = "iOS-LearningRoad";
		};
/* End PBXContainerItemProxy section */

/* Begin PBXFileReference section */
		4D0B18A52BBA0152CB9069C2 /* libPods-iOS-LearningRoad.a */ = {isa = PBXFileReference; explicitFileType = archive.ar; includeInIndex = 0; path = "libPods-iOS-LearningRoad.a"; sourceTree = BUILT_PRODUCTS_DIR; };
		5E2ED9A91C87127B001A4A3A /* iOS-LearningRoad.app */ = {isa = PBXFileReference; explicitFileType = wrapper.application; includeInIndex = 0; path = "iOS-LearningRoad.app"; sourceTree = BUILT_PRODUCTS_DIR; };
		5E2ED9AD1C87127B001A4A3A /* main.m */ = {isa = PBXFileReference; lastKnownFileType = sourcecode.c.objc; path = main.m; sourceTree = "<group>"; };
		5E2ED9AF1C87127B001A4A3A /* AppDelegate.h */ = {isa = PBXFileReference; lastKnownFileType = sourcecode.c.h; path = AppDelegate.h; sourceTree = "<group>"; };
		5E2ED9B01C87127B001A4A3A /* AppDelegate.m */ = {isa = PBXFileReference; lastKnownFileType = sourcecode.c.objc; path = AppDelegate.m; sourceTree = "<group>"; };
		5E2ED9B91C87127B001A4A3A /* iOS_LearningRoad.xcdatamodel */ = {isa = PBXFileReference; lastKnownFileType = wrapper.xcdatamodel; path = iOS_LearningRoad.xcdatamodel; sourceTree = "<group>"; };
		5E2ED9BB1C87127B001A4A3A /* Assets.xcassets */ = {isa = PBXFileReference; lastKnownFileType = folder.assetcatalog; path = Assets.xcassets; sourceTree = "<group>"; };
		5E2ED9C01C87127B001A4A3A /* Info.plist */ = {isa = PBXFileReference; lastKnownFileType = text.plist.xml; path = Info.plist; sourceTree = "<group>"; };
		5E2ED9C51C87127B001A4A3A /* iOS-LearningRoadTests.xctest */ = {isa = PBXFileReference; explicitFileType = wrapper.cfbundle; includeInIndex = 0; path = "iOS-LearningRoadTests.xctest"; sourceTree = BUILT_PRODUCTS_DIR; };
		5E2ED9C91C87127B001A4A3A /* iOS_LearningRoadTests.m */ = {isa = PBXFileReference; lastKnownFileType = sourcecode.c.objc; path = iOS_LearningRoadTests.m; sourceTree = "<group>"; };
		5E2ED9CB1C87127C001A4A3A /* Info.plist */ = {isa = PBXFileReference; lastKnownFileType = text.plist.xml; path = Info.plist; sourceTree = "<group>"; };
		5E2ED9D01C87127C001A4A3A /* iOS-LearningRoadUITests.xctest */ = {isa = PBXFileReference; explicitFileType = wrapper.cfbundle; includeInIndex = 0; path = "iOS-LearningRoadUITests.xctest"; sourceTree = BUILT_PRODUCTS_DIR; };
		5E2ED9D41C87127C001A4A3A /* iOS_LearningRoadUITests.m */ = {isa = PBXFileReference; lastKnownFileType = sourcecode.c.objc; path = iOS_LearningRoadUITests.m; sourceTree = "<group>"; };
		5E2ED9D61C87127C001A4A3A /* Info.plist */ = {isa = PBXFileReference; lastKnownFileType = text.plist.xml; path = Info.plist; sourceTree = "<group>"; };
		5E693DA31C901DDC007DC6E0 /* UsageOfKVC.h */ = {isa = PBXFileReference; fileEncoding = 4; lastKnownFileType = sourcecode.c.h; name = UsageOfKVC.h; path = KVC/UsageOfKVC.h; sourceTree = "<group>"; };
		5E693DA41C901DDC007DC6E0 /* UsageOfKVC.m */ = {isa = PBXFileReference; fileEncoding = 4; lastKnownFileType = sourcecode.c.objc; name = UsageOfKVC.m; path = KVC/UsageOfKVC.m; sourceTree = "<group>"; };
		5E693DA71C9022E2007DC6E0 /* KVOUsage.h */ = {isa = PBXFileReference; fileEncoding = 4; lastKnownFileType = sourcecode.c.h; name = KVOUsage.h; path = KVO/KVOUsage.h; sourceTree = "<group>"; };
		5E693DA81C9022E2007DC6E0 /* KVOUsage.m */ = {isa = PBXFileReference; fileEncoding = 4; lastKnownFileType = sourcecode.c.objc; name = KVOUsage.m; path = KVO/KVOUsage.m; sourceTree = "<group>"; };
		5E693DAB1C902C7C007DC6E0 /* Movie.h */ = {isa = PBXFileReference; fileEncoding = 4; lastKnownFileType = sourcecode.c.h; name = Movie.h; path = KVO/Movie.h; sourceTree = "<group>"; };
		5E693DAC1C902C7C007DC6E0 /* Movie.m */ = {isa = PBXFileReference; fileEncoding = 4; lastKnownFileType = sourcecode.c.objc; name = Movie.m; path = KVO/Movie.m; sourceTree = "<group>"; };
		5E693DAE1C902E61007DC6E0 /* KVOUsage.xib */ = {isa = PBXFileReference; fileEncoding = 4; lastKnownFileType = file.xib; name = KVOUsage.xib; path = KVO/KVOUsage.xib; sourceTree = "<group>"; };
		5E693DB11C903416007DC6E0 /* NotificationUsage.h */ = {isa = PBXFileReference; fileEncoding = 4; lastKnownFileType = sourcecode.c.h; name = NotificationUsage.h; path = Notification/NotificationUsage.h; sourceTree = "<group>"; };
		5E693DB21C903416007DC6E0 /* NotificationUsage.m */ = {isa = PBXFileReference; fileEncoding = 4; lastKnownFileType = sourcecode.c.objc; name = NotificationUsage.m; path = Notification/NotificationUsage.m; sourceTree = "<group>"; };
		5E693DB31C903416007DC6E0 /* NotificationUsage.xib */ = {isa = PBXFileReference; fileEncoding = 4; lastKnownFileType = file.xib; name = NotificationUsage.xib; path = Notification/NotificationUsage.xib; sourceTree = "<group>"; };
		5ED52B431C87192800F012C7 /* README.md */ = {isa = PBXFileReference; fileEncoding = 4; lastKnownFileType = net.daringfireball.markdown; path = README.md; sourceTree = "<group>"; };
		5ED52B441C87192800F012C7 /* Xcode将项目放到GitHub上.pages */ = {isa = PBXFileReference; lastKnownFileType = file; path = "Xcode将项目放到GitHub上.pages"; sourceTree = "<group>"; };
		5ED52B491C87CC1C00F012C7 /* ViewController.h */ = {isa = PBXFileReference; fileEncoding = 4; lastKnownFileType = sourcecode.c.h; path = ViewController.h; sourceTree = "<group>"; };
		5ED52B4A1C87CC1C00F012C7 /* ViewController.m */ = {isa = PBXFileReference; fileEncoding = 4; lastKnownFileType = sourcecode.c.objc; path = ViewController.m; sourceTree = "<group>"; };
		5ED52B4B1C87CC1C00F012C7 /* ViewController.xib */ = {isa = PBXFileReference; fileEncoding = 4; lastKnownFileType = file.xib; path = ViewController.xib; sourceTree = "<group>"; };
		5ED52B4E1C87CFCB00F012C7 /* iOS-LearningRoad-Prefix.pch */ = {isa = PBXFileReference; fileEncoding = 4; lastKnownFileType = sourcecode.c.h; path = "iOS-LearningRoad-Prefix.pch"; sourceTree = "<group>"; };
		A6616E4AAD1D2CB531086604 /* Pods-iOS-LearningRoad.debug.xcconfig */ = {isa = PBXFileReference; includeInIndex = 1; lastKnownFileType = text.xcconfig; name = "Pods-iOS-LearningRoad.debug.xcconfig"; path = "Pods/Target Support Files/Pods-iOS-LearningRoad/Pods-iOS-LearningRoad.debug.xcconfig"; sourceTree = "<group>"; };
		FFD8A3293BF1D01D842D2D85 /* Pods-iOS-LearningRoad.release.xcconfig */ = {isa = PBXFileReference; includeInIndex = 1; lastKnownFileType = text.xcconfig; name = "Pods-iOS-LearningRoad.release.xcconfig"; path = "Pods/Target Support Files/Pods-iOS-LearningRoad/Pods-iOS-LearningRoad.release.xcconfig"; sourceTree = "<group>"; };
/* End PBXFileReference section */

/* Begin PBXFrameworksBuildPhase section */
		5E2ED9A61C87127B001A4A3A /* Frameworks */ = {
			isa = PBXFrameworksBuildPhase;
			buildActionMask = 2147483647;
			files = (
				2E75024F278C382FBFC08E0C /* libPods-iOS-LearningRoad.a in Frameworks */,
			);
			runOnlyForDeploymentPostprocessing = 0;
		};
		5E2ED9C21C87127B001A4A3A /* Frameworks */ = {
			isa = PBXFrameworksBuildPhase;
			buildActionMask = 2147483647;
			files = (
			);
			runOnlyForDeploymentPostprocessing = 0;
		};
		5E2ED9CD1C87127C001A4A3A /* Frameworks */ = {
			isa = PBXFrameworksBuildPhase;
			buildActionMask = 2147483647;
			files = (
			);
			runOnlyForDeploymentPostprocessing = 0;
		};
/* End PBXFrameworksBuildPhase section */

/* Begin PBXGroup section */
		5E2ED9A01C87127B001A4A3A = {
			isa = PBXGroup;
			children = (
				5E2ED9AB1C87127B001A4A3A /* iOS-LearningRoad */,
				5E2ED9C81C87127B001A4A3A /* iOS-LearningRoadTests */,
				5E2ED9D31C87127C001A4A3A /* iOS-LearningRoadUITests */,
				5E2ED9AA1C87127B001A4A3A /* Products */,
				5ED52B441C87192800F012C7 /* Xcode将项目放到GitHub上.pages */,
				5ED52B431C87192800F012C7 /* README.md */,
				F193EC8C71073FDA061A30C8 /* Pods */,
				7085CB5942D833F93E087A8F /* Frameworks */,
			);
			sourceTree = "<group>";
		};
		5E2ED9AA1C87127B001A4A3A /* Products */ = {
			isa = PBXGroup;
			children = (
				5E2ED9A91C87127B001A4A3A /* iOS-LearningRoad.app */,
				5E2ED9C51C87127B001A4A3A /* iOS-LearningRoadTests.xctest */,
				5E2ED9D01C87127C001A4A3A /* iOS-LearningRoadUITests.xctest */,
			);
			name = Products;
			sourceTree = "<group>";
		};
		5E2ED9AB1C87127B001A4A3A /* iOS-LearningRoad */ = {
			isa = PBXGroup;
			children = (
				5E2ED9AF1C87127B001A4A3A /* AppDelegate.h */,
				5E2ED9B01C87127B001A4A3A /* AppDelegate.m */,
				5ED52B491C87CC1C00F012C7 /* ViewController.h */,
				5ED52B4A1C87CC1C00F012C7 /* ViewController.m */,
				5ED52B4B1C87CC1C00F012C7 /* ViewController.xib */,
				5E693DA21C901DAF007DC6E0 /* KVC */,
				5E693DAA1C9022F1007DC6E0 /* KVO */,
				5E693DB01C903391007DC6E0 /* Notification */,
				5E2ED9BB1C87127B001A4A3A /* Assets.xcassets */,
				5E2ED9C01C87127B001A4A3A /* Info.plist */,
				5E2ED9B81C87127B001A4A3A /* iOS_LearningRoad.xcdatamodeld */,
				5E2ED9AC1C87127B001A4A3A /* Supporting Files */,
			);
			path = "iOS-LearningRoad";
			sourceTree = "<group>";
		};
		5E2ED9AC1C87127B001A4A3A /* Supporting Files */ = {
			isa = PBXGroup;
			children = (
				5E2ED9AD1C87127B001A4A3A /* main.m */,
				5ED52B4E1C87CFCB00F012C7 /* iOS-LearningRoad-Prefix.pch */,
			);
			name = "Supporting Files";
			sourceTree = "<group>";
		};
		5E2ED9C81C87127B001A4A3A /* iOS-LearningRoadTests */ = {
			isa = PBXGroup;
			children = (
				5E2ED9C91C87127B001A4A3A /* iOS_LearningRoadTests.m */,
				5E2ED9CB1C87127C001A4A3A /* Info.plist */,
			);
			path = "iOS-LearningRoadTests";
			sourceTree = "<group>";
		};
		5E2ED9D31C87127C001A4A3A /* iOS-LearningRoadUITests */ = {
			isa = PBXGroup;
			children = (
				5E2ED9D41C87127C001A4A3A /* iOS_LearningRoadUITests.m */,
				5E2ED9D61C87127C001A4A3A /* Info.plist */,
			);
			path = "iOS-LearningRoadUITests";
			sourceTree = "<group>";
		};
		5E693DA21C901DAF007DC6E0 /* KVC */ = {
			isa = PBXGroup;
			children = (
				5E693DA31C901DDC007DC6E0 /* UsageOfKVC.h */,
				5E693DA41C901DDC007DC6E0 /* UsageOfKVC.m */,
			);
			name = KVC;
			sourceTree = "<group>";
		};
		5E693DAA1C9022F1007DC6E0 /* KVO */ = {
			isa = PBXGroup;
			children = (
				5E693DA71C9022E2007DC6E0 /* KVOUsage.h */,
				5E693DA81C9022E2007DC6E0 /* KVOUsage.m */,
				5E693DAE1C902E61007DC6E0 /* KVOUsage.xib */,
				5E693DAB1C902C7C007DC6E0 /* Movie.h */,
				5E693DAC1C902C7C007DC6E0 /* Movie.m */,
			);
			name = KVO;
			sourceTree = "<group>";
		};
		5E693DB01C903391007DC6E0 /* Notification */ = {
			isa = PBXGroup;
			children = (
				5E693DB11C903416007DC6E0 /* NotificationUsage.h */,
				5E693DB21C903416007DC6E0 /* NotificationUsage.m */,
				5E693DB31C903416007DC6E0 /* NotificationUsage.xib */,
			);
			name = Notification;
			sourceTree = "<group>";
		};
		7085CB5942D833F93E087A8F /* Frameworks */ = {
			isa = PBXGroup;
			children = (
				4D0B18A52BBA0152CB9069C2 /* libPods-iOS-LearningRoad.a */,
			);
			name = Frameworks;
			sourceTree = "<group>";
		};
		F193EC8C71073FDA061A30C8 /* Pods */ = {
			isa = PBXGroup;
			children = (
				A6616E4AAD1D2CB531086604 /* Pods-iOS-LearningRoad.debug.xcconfig */,
				FFD8A3293BF1D01D842D2D85 /* Pods-iOS-LearningRoad.release.xcconfig */,
			);
			name = Pods;
			sourceTree = "<group>";
		};
/* End PBXGroup section */

/* Begin PBXNativeTarget section */
		5E2ED9A81C87127B001A4A3A /* iOS-LearningRoad */ = {
			isa = PBXNativeTarget;
			buildConfigurationList = 5E2ED9D91C87127C001A4A3A /* Build configuration list for PBXNativeTarget "iOS-LearningRoad" */;
			buildPhases = (
				6C6D6AAA84D47DCCE040C69A /* Check Pods Manifest.lock */,
				5E2ED9A51C87127B001A4A3A /* Sources */,
				5E2ED9A61C87127B001A4A3A /* Frameworks */,
				5E2ED9A71C87127B001A4A3A /* Resources */,
				110914989CB5DE24CD14D0E6 /* Embed Pods Frameworks */,
				A2DC6B16153FD4ADF526A7BD /* Copy Pods Resources */,
			);
			buildRules = (
			);
			dependencies = (
			);
			name = "iOS-LearningRoad";
			productName = "iOS-LearningRoad";
			productReference = 5E2ED9A91C87127B001A4A3A /* iOS-LearningRoad.app */;
			productType = "com.apple.product-type.application";
		};
		5E2ED9C41C87127B001A4A3A /* iOS-LearningRoadTests */ = {
			isa = PBXNativeTarget;
			buildConfigurationList = 5E2ED9DC1C87127C001A4A3A /* Build configuration list for PBXNativeTarget "iOS-LearningRoadTests" */;
			buildPhases = (
				5E2ED9C11C87127B001A4A3A /* Sources */,
				5E2ED9C21C87127B001A4A3A /* Frameworks */,
				5E2ED9C31C87127B001A4A3A /* Resources */,
			);
			buildRules = (
			);
			dependencies = (
				5E2ED9C71C87127B001A4A3A /* PBXTargetDependency */,
			);
			name = "iOS-LearningRoadTests";
			productName = "iOS-LearningRoadTests";
			productReference = 5E2ED9C51C87127B001A4A3A /* iOS-LearningRoadTests.xctest */;
			productType = "com.apple.product-type.bundle.unit-test";
		};
		5E2ED9CF1C87127C001A4A3A /* iOS-LearningRoadUITests */ = {
			isa = PBXNativeTarget;
			buildConfigurationList = 5E2ED9DF1C87127C001A4A3A /* Build configuration list for PBXNativeTarget "iOS-LearningRoadUITests" */;
			buildPhases = (
				5E2ED9CC1C87127C001A4A3A /* Sources */,
				5E2ED9CD1C87127C001A4A3A /* Frameworks */,
				5E2ED9CE1C87127C001A4A3A /* Resources */,
			);
			buildRules = (
			);
			dependencies = (
				5E2ED9D21C87127C001A4A3A /* PBXTargetDependency */,
			);
			name = "iOS-LearningRoadUITests";
			productName = "iOS-LearningRoadUITests";
			productReference = 5E2ED9D01C87127C001A4A3A /* iOS-LearningRoadUITests.xctest */;
			productType = "com.apple.product-type.bundle.ui-testing";
		};
/* End PBXNativeTarget section */

/* Begin PBXProject section */
		5E2ED9A11C87127B001A4A3A /* Project object */ = {
			isa = PBXProject;
			attributes = {
				LastUpgradeCheck = 0720;
				ORGANIZATIONNAME = George;
				TargetAttributes = {
					5E2ED9A81C87127B001A4A3A = {
						CreatedOnToolsVersion = 7.2;
					};
					5E2ED9C41C87127B001A4A3A = {
						CreatedOnToolsVersion = 7.2;
						TestTargetID = 5E2ED9A81C87127B001A4A3A;
					};
					5E2ED9CF1C87127C001A4A3A = {
						CreatedOnToolsVersion = 7.2;
						TestTargetID = 5E2ED9A81C87127B001A4A3A;
					};
				};
			};
			buildConfigurationList = 5E2ED9A41C87127B001A4A3A /* Build configuration list for PBXProject "iOS-LearningRoad" */;
			compatibilityVersion = "Xcode 3.2";
			developmentRegion = English;
			hasScannedForEncodings = 0;
			knownRegions = (
				en,
				Base,
			);
			mainGroup = 5E2ED9A01C87127B001A4A3A;
			productRefGroup = 5E2ED9AA1C87127B001A4A3A /* Products */;
			projectDirPath = "";
			projectRoot = "";
			targets = (
				5E2ED9A81C87127B001A4A3A /* iOS-LearningRoad */,
				5E2ED9C41C87127B001A4A3A /* iOS-LearningRoadTests */,
				5E2ED9CF1C87127C001A4A3A /* iOS-LearningRoadUITests */,
			);
		};
/* End PBXProject section */

/* Begin PBXResourcesBuildPhase section */
		5E2ED9A71C87127B001A4A3A /* Resources */ = {
			isa = PBXResourcesBuildPhase;
			buildActionMask = 2147483647;
			files = (
				5E693DB51C903416007DC6E0 /* NotificationUsage.xib in Resources */,
				5ED52B461C87192800F012C7 /* Xcode将项目放到GitHub上.pages in Resources */,
				5ED52B4D1C87CC1C00F012C7 /* ViewController.xib in Resources */,
				5E693DAF1C902E61007DC6E0 /* KVOUsage.xib in Resources */,
				5E2ED9BC1C87127B001A4A3A /* Assets.xcassets in Resources */,
			);
			runOnlyForDeploymentPostprocessing = 0;
		};
		5E2ED9C31C87127B001A4A3A /* Resources */ = {
			isa = PBXResourcesBuildPhase;
			buildActionMask = 2147483647;
			files = (
			);
			runOnlyForDeploymentPostprocessing = 0;
		};
		5E2ED9CE1C87127C001A4A3A /* Resources */ = {
			isa = PBXResourcesBuildPhase;
			buildActionMask = 2147483647;
			files = (
			);
			runOnlyForDeploymentPostprocessing = 0;
		};
/* End PBXResourcesBuildPhase section */

/* Begin PBXShellScriptBuildPhase section */
		110914989CB5DE24CD14D0E6 /* Embed Pods Frameworks */ = {
			isa = PBXShellScriptBuildPhase;
			buildActionMask = 2147483647;
			files = (
			);
			inputPaths = (
			);
			name = "Embed Pods Frameworks";
			outputPaths = (
			);
			runOnlyForDeploymentPostprocessing = 0;
			shellPath = /bin/sh;
			shellScript = "\"${SRCROOT}/Pods/Target Support Files/Pods-iOS-LearningRoad/Pods-iOS-LearningRoad-frameworks.sh\"\n";
			showEnvVarsInLog = 0;
		};
		6C6D6AAA84D47DCCE040C69A /* Check Pods Manifest.lock */ = {
			isa = PBXShellScriptBuildPhase;
			buildActionMask = 2147483647;
			files = (
			);
			inputPaths = (
			);
			name = "Check Pods Manifest.lock";
			outputPaths = (
			);
			runOnlyForDeploymentPostprocessing = 0;
			shellPath = /bin/sh;
			shellScript = "diff \"${PODS_ROOT}/../Podfile.lock\" \"${PODS_ROOT}/Manifest.lock\" > /dev/null\nif [[ $? != 0 ]] ; then\n    cat << EOM\nerror: The sandbox is not in sync with the Podfile.lock. Run 'pod install' or update your CocoaPods installation.\nEOM\n    exit 1\nfi\n";
			showEnvVarsInLog = 0;
		};
		A2DC6B16153FD4ADF526A7BD /* Copy Pods Resources */ = {
			isa = PBXShellScriptBuildPhase;
			buildActionMask = 2147483647;
			files = (
			);
			inputPaths = (
			);
			name = "Copy Pods Resources";
			outputPaths = (
			);
			runOnlyForDeploymentPostprocessing = 0;
			shellPath = /bin/sh;
			shellScript = "\"${SRCROOT}/Pods/Target Support Files/Pods-iOS-LearningRoad/Pods-iOS-LearningRoad-resources.sh\"\n";
			showEnvVarsInLog = 0;
		};
/* End PBXShellScriptBuildPhase section */

/* Begin PBXSourcesBuildPhase section */
		5E2ED9A51C87127B001A4A3A /* Sources */ = {
			isa = PBXSourcesBuildPhase;
			buildActionMask = 2147483647;
			files = (
				5E2ED9BA1C87127B001A4A3A /* iOS_LearningRoad.xcdatamodeld in Sources */,
				5ED52B451C87192800F012C7 /* README.md in Sources */,
				5E693DAD1C902C7C007DC6E0 /* Movie.m in Sources */,
				5E693DA91C9022E2007DC6E0 /* KVOUsage.m in Sources */,
				5E2ED9B11C87127B001A4A3A /* AppDelegate.m in Sources */,
				5E693DA51C901DDC007DC6E0 /* UsageOfKVC.m in Sources */,
				5E693DB41C903416007DC6E0 /* NotificationUsage.m in Sources */,
				5E2ED9AE1C87127B001A4A3A /* main.m in Sources */,
				5ED52B4C1C87CC1C00F012C7 /* ViewController.m in Sources */,
			);
			runOnlyForDeploymentPostprocessing = 0;
		};
		5E2ED9C11C87127B001A4A3A /* Sources */ = {
			isa = PBXSourcesBuildPhase;
			buildActionMask = 2147483647;
			files = (
				5E2ED9CA1C87127B001A4A3A /* iOS_LearningRoadTests.m in Sources */,
			);
			runOnlyForDeploymentPostprocessing = 0;
		};
		5E2ED9CC1C87127C001A4A3A /* Sources */ = {
			isa = PBXSourcesBuildPhase;
			buildActionMask = 2147483647;
			files = (
				5E2ED9D51C87127C001A4A3A /* iOS_LearningRoadUITests.m in Sources */,
			);
			runOnlyForDeploymentPostprocessing = 0;
		};
/* End PBXSourcesBuildPhase section */

/* Begin PBXTargetDependency section */
		5E2ED9C71C87127B001A4A3A /* PBXTargetDependency */ = {
			isa = PBXTargetDependency;
			target = 5E2ED9A81C87127B001A4A3A /* iOS-LearningRoad */;
			targetProxy = 5E2ED9C61C87127B001A4A3A /* PBXContainerItemProxy */;
		};
		5E2ED9D21C87127C001A4A3A /* PBXTargetDependency */ = {
			isa = PBXTargetDependency;
			target = 5E2ED9A81C87127B001A4A3A /* iOS-LearningRoad */;
			targetProxy = 5E2ED9D11C87127C001A4A3A /* PBXContainerItemProxy */;
		};
/* End PBXTargetDependency section */

/* Begin XCBuildConfiguration section */
		5E2ED9D71C87127C001A4A3A /* Debug */ = {
			isa = XCBuildConfiguration;
			buildSettings = {
				ALWAYS_SEARCH_USER_PATHS = NO;
				CLANG_CXX_LANGUAGE_STANDARD = "gnu++0x";
				CLANG_CXX_LIBRARY = "libc++";
				CLANG_ENABLE_MODULES = YES;
				CLANG_ENABLE_OBJC_ARC = YES;
				CLANG_WARN_BOOL_CONVERSION = YES;
				CLANG_WARN_CONSTANT_CONVERSION = YES;
				CLANG_WARN_DIRECT_OBJC_ISA_USAGE = YES_ERROR;
				CLANG_WARN_EMPTY_BODY = YES;
				CLANG_WARN_ENUM_CONVERSION = YES;
				CLANG_WARN_INT_CONVERSION = YES;
				CLANG_WARN_OBJC_ROOT_CLASS = YES_ERROR;
				CLANG_WARN_UNREACHABLE_CODE = YES;
				CLANG_WARN__DUPLICATE_METHOD_MATCH = YES;
				"CODE_SIGN_IDENTITY[sdk=iphoneos*]" = "iPhone Developer";
				COPY_PHASE_STRIP = NO;
				DEBUG_INFORMATION_FORMAT = dwarf;
				ENABLE_STRICT_OBJC_MSGSEND = YES;
				ENABLE_TESTABILITY = YES;
				GCC_C_LANGUAGE_STANDARD = gnu99;
				GCC_DYNAMIC_NO_PIC = NO;
				GCC_NO_COMMON_BLOCKS = YES;
				GCC_OPTIMIZATION_LEVEL = 0;
				GCC_PREPROCESSOR_DEFINITIONS = (
					"DEBUG=1",
					"$(inherited)",
				);
				GCC_WARN_64_TO_32_BIT_CONVERSION = YES;
				GCC_WARN_ABOUT_RETURN_TYPE = YES_ERROR;
				GCC_WARN_UNDECLARED_SELECTOR = YES;
				GCC_WARN_UNINITIALIZED_AUTOS = YES_AGGRESSIVE;
				GCC_WARN_UNUSED_FUNCTION = YES;
				GCC_WARN_UNUSED_VARIABLE = YES;
				IPHONEOS_DEPLOYMENT_TARGET = 9.2;
				MTL_ENABLE_DEBUG_INFO = YES;
				ONLY_ACTIVE_ARCH = YES;
				SDKROOT = iphoneos;
			};
			name = Debug;
		};
		5E2ED9D81C87127C001A4A3A /* Release */ = {
			isa = XCBuildConfiguration;
			buildSettings = {
				ALWAYS_SEARCH_USER_PATHS = NO;
				CLANG_CXX_LANGUAGE_STANDARD = "gnu++0x";
				CLANG_CXX_LIBRARY = "libc++";
				CLANG_ENABLE_MODULES = YES;
				CLANG_ENABLE_OBJC_ARC = YES;
				CLANG_WARN_BOOL_CONVERSION = YES;
				CLANG_WARN_CONSTANT_CONVERSION = YES;
				CLANG_WARN_DIRECT_OBJC_ISA_USAGE = YES_ERROR;
				CLANG_WARN_EMPTY_BODY = YES;
				CLANG_WARN_ENUM_CONVERSION = YES;
				CLANG_WARN_INT_CONVERSION = YES;
				CLANG_WARN_OBJC_ROOT_CLASS = YES_ERROR;
				CLANG_WARN_UNREACHABLE_CODE = YES;
				CLANG_WARN__DUPLICATE_METHOD_MATCH = YES;
				"CODE_SIGN_IDENTITY[sdk=iphoneos*]" = "iPhone Developer";
				COPY_PHASE_STRIP = NO;
				DEBUG_INFORMATION_FORMAT = "dwarf-with-dsym";
				ENABLE_NS_ASSERTIONS = NO;
				ENABLE_STRICT_OBJC_MSGSEND = YES;
				GCC_C_LANGUAGE_STANDARD = gnu99;
				GCC_NO_COMMON_BLOCKS = YES;
				GCC_WARN_64_TO_32_BIT_CONVERSION = YES;
				GCC_WARN_ABOUT_RETURN_TYPE = YES_ERROR;
				GCC_WARN_UNDECLARED_SELECTOR = YES;
				GCC_WARN_UNINITIALIZED_AUTOS = YES_AGGRESSIVE;
				GCC_WARN_UNUSED_FUNCTION = YES;
				GCC_WARN_UNUSED_VARIABLE = YES;
				IPHONEOS_DEPLOYMENT_TARGET = 9.2;
				MTL_ENABLE_DEBUG_INFO = NO;
				SDKROOT = iphoneos;
				VALIDATE_PRODUCT = YES;
			};
			name = Release;
		};
		5E2ED9DA1C87127C001A4A3A /* Debug */ = {
			isa = XCBuildConfiguration;
			baseConfigurationReference = A6616E4AAD1D2CB531086604 /* Pods-iOS-LearningRoad.debug.xcconfig */;
			buildSettings = {
				ASSETCATALOG_COMPILER_APPICON_NAME = AppIcon;
				ASSETCATALOG_COMPILER_LAUNCHIMAGE_NAME = LaunchImage;
				GCC_PREFIX_HEADER = "$(SRCROOT)/iOS-LearningRoad/iOS-LearningRoad-Prefix.pch";
				INFOPLIST_FILE = "iOS-LearningRoad/Info.plist";
				LD_RUNPATH_SEARCH_PATHS = "$(inherited) @executable_path/Frameworks";
				PRODUCT_BUNDLE_IDENTIFIER = "com.freedom.iOS-LearningRoad";
				PRODUCT_NAME = "$(TARGET_NAME)";
				USER_HEADER_SEARCH_PATHS = "$(SRCROOT)/**";
			};
			name = Debug;
		};
		5E2ED9DB1C87127C001A4A3A /* Release */ = {
			isa = XCBuildConfiguration;
			baseConfigurationReference = FFD8A3293BF1D01D842D2D85 /* Pods-iOS-LearningRoad.release.xcconfig */;
			buildSettings = {
				ASSETCATALOG_COMPILER_APPICON_NAME = AppIcon;
				ASSETCATALOG_COMPILER_LAUNCHIMAGE_NAME = LaunchImage;
				GCC_PREFIX_HEADER = "$(SRCROOT)/iOS-LearningRoad/iOS-LearningRoad-Prefix.pch";
				INFOPLIST_FILE = "iOS-LearningRoad/Info.plist";
				LD_RUNPATH_SEARCH_PATHS = "$(inherited) @executable_path/Frameworks";
				PRODUCT_BUNDLE_IDENTIFIER = "com.freedom.iOS-LearningRoad";
				PRODUCT_NAME = "$(TARGET_NAME)";
				USER_HEADER_SEARCH_PATHS = "$(SRCROOT)/**";
			};
			name = Release;
		};
		5E2ED9DD1C87127C001A4A3A /* Debug */ = {
			isa = XCBuildConfiguration;
			buildSettings = {
				BUNDLE_LOADER = "$(TEST_HOST)";
				INFOPLIST_FILE = "iOS-LearningRoadTests/Info.plist";
				LD_RUNPATH_SEARCH_PATHS = "$(inherited) @executable_path/Frameworks @loader_path/Frameworks";
				PRODUCT_BUNDLE_IDENTIFIER = "com.freedom.iOS-LearningRoadTests";
				PRODUCT_NAME = "$(TARGET_NAME)";
				TEST_HOST = "$(BUILT_PRODUCTS_DIR)/iOS-LearningRoad.app/iOS-LearningRoad";
			};
			name = Debug;
		};
		5E2ED9DE1C87127C001A4A3A /* Release */ = {
			isa = XCBuildConfiguration;
			buildSettings = {
				BUNDLE_LOADER = "$(TEST_HOST)";
				INFOPLIST_FILE = "iOS-LearningRoadTests/Info.plist";
				LD_RUNPATH_SEARCH_PATHS = "$(inherited) @executable_path/Frameworks @loader_path/Frameworks";
				PRODUCT_BUNDLE_IDENTIFIER = "com.freedom.iOS-LearningRoadTests";
				PRODUCT_NAME = "$(TARGET_NAME)";
				TEST_HOST = "$(BUILT_PRODUCTS_DIR)/iOS-LearningRoad.app/iOS-LearningRoad";
			};
			name = Release;
		};
		5E2ED9E01C87127C001A4A3A /* Debug */ = {
			isa = XCBuildConfiguration;
			buildSettings = {
				INFOPLIST_FILE = "iOS-LearningRoadUITests/Info.plist";
				LD_RUNPATH_SEARCH_PATHS = "$(inherited) @executable_path/Frameworks @loader_path/Frameworks";
				PRODUCT_BUNDLE_IDENTIFIER = "com.freedom.iOS-LearningRoadUITests";
				PRODUCT_NAME = "$(TARGET_NAME)";
				TEST_TARGET_NAME = "iOS-LearningRoad";
				USES_XCTRUNNER = YES;
			};
			name = Debug;
		};
		5E2ED9E11C87127C001A4A3A /* Release */ = {
			isa = XCBuildConfiguration;
			buildSettings = {
				INFOPLIST_FILE = "iOS-LearningRoadUITests/Info.plist";
				LD_RUNPATH_SEARCH_PATHS = "$(inherited) @executable_path/Frameworks @loader_path/Frameworks";
				PRODUCT_BUNDLE_IDENTIFIER = "com.freedom.iOS-LearningRoadUITests";
				PRODUCT_NAME = "$(TARGET_NAME)";
				TEST_TARGET_NAME = "iOS-LearningRoad";
				USES_XCTRUNNER = YES;
			};
			name = Release;
		};
/* End XCBuildConfiguration section */

/* Begin XCConfigurationList section */
		5E2ED9A41C87127B001A4A3A /* Build configuration list for PBXProject "iOS-LearningRoad" */ = {
			isa = XCConfigurationList;
			buildConfigurations = (
				5E2ED9D71C87127C001A4A3A /* Debug */,
				5E2ED9D81C87127C001A4A3A /* Release */,
			);
			defaultConfigurationIsVisible = 0;
			defaultConfigurationName = Release;
		};
		5E2ED9D91C87127C001A4A3A /* Build configuration list for PBXNativeTarget "iOS-LearningRoad" */ = {
			isa = XCConfigurationList;
			buildConfigurations = (
				5E2ED9DA1C87127C001A4A3A /* Debug */,
				5E2ED9DB1C87127C001A4A3A /* Release */,
			);
			defaultConfigurationIsVisible = 0;
			defaultConfigurationName = Release;
		};
		5E2ED9DC1C87127C001A4A3A /* Build configuration list for PBXNativeTarget "iOS-LearningRoadTests" */ = {
			isa = XCConfigurationList;
			buildConfigurations = (
				5E2ED9DD1C87127C001A4A3A /* Debug */,
				5E2ED9DE1C87127C001A4A3A /* Release */,
			);
			defaultConfigurationIsVisible = 0;
			defaultConfigurationName = Release;
		};
		5E2ED9DF1C87127C001A4A3A /* Build configuration list for PBXNativeTarget "iOS-LearningRoadUITests" */ = {
			isa = XCConfigurationList;
			buildConfigurations = (
				5E2ED9E01C87127C001A4A3A /* Debug */,
				5E2ED9E11C87127C001A4A3A /* Release */,
			);
			defaultConfigurationIsVisible = 0;
			defaultConfigurationName = Release;
		};
/* End XCConfigurationList section */

/* Begin XCVersionGroup section */
		5E2ED9B81C87127B001A4A3A /* iOS_LearningRoad.xcdatamodeld */ = {
			isa = XCVersionGroup;
			children = (
				5E2ED9B91C87127B001A4A3A /* iOS_LearningRoad.xcdatamodel */,
			);
			currentVersion = 5E2ED9B91C87127B001A4A3A /* iOS_LearningRoad.xcdatamodel */;
			path = iOS_LearningRoad.xcdatamodeld;
			sourceTree = "<group>";
			versionGroupType = wrapper.xcdatamodel;
		};
/* End XCVersionGroup section */
	};
	rootObject = 5E2ED9A11C87127B001A4A3A /* Project object */;
}
